
Microsoft Visual Studio Solution File, Format Version 12.00
# Visual Studio 15
VisualStudioVersion = 15.0.27703.2035
MinimumVisualStudioVersion = 10.0.40219.1
Project("{FAE04EC0-301F-11D3-BF4B-00C04F79EFBC}") = "GoodsManagement", "GoodsManagement.csproj", "{5F5B70D4-E0F3-410D-871E-38524FA3D059}"
EndProject
Global
	GlobalSection(SolutionConfigurationPlatforms) = preSolution
		Debug|Any CPU = Debug|Any CPU
		Release|Any CPU = Release|Any CPU
	EndGlobalSection
	GlobalSection(ProjectConfigurationPlatforms) = postSolution
		{5F5B70D4-E0F3-410D-871E-38524FA3D059}.Debug|Any CPU.ActiveCfg = Debug|Any CPU
		{5F5B70D4-E0F3-410D-871E-38524FA3D059}.Debug|Any CPU.Build.0 = Debug|Any CPU
		{5F5B70D4-E0F3-410D-871E-38524FA3D059}.Release|Any CPU.ActiveCfg = Release|Any CPU
		{5F5B70D4-E0F3-410D-871E-38524FA3D059}.Release|Any CPU.Build.0 = Release|Any CPU
	EndGlobalSection
	GlobalSection(SolutionProperties) = preSolution
		HideSolutionNode = FALSE
	EndGlobalSection
	GlobalSection(ExtensibilityGlobals) = postSolution
		SolutionGuid = {A01C257A-35EE-46A7-BC0C-6A51AADB2341}
	EndGlobalSection
EndGlobal
